{
  "originHash" : "d2b964f7745cf7454635c8a706a6a98a68ed431f565aaad2335ff4ad09df5f01",
  "pins" : [
    {
      "identity" : "swift-issue-windows-existential-crash-other-package",
      "kind" : "remoteSourceControl",
      "location" : "https://github.com/coenttb/swift-issue-windows-existential-crash-other-package",
      "state" : {
        "revision" : "eb3ee03f3ce67e9d01ad2d864ede5009401ed43c",
        "version" : "0.2.0"
      }
    }
  ],
  "version" : 3
}
